
Microsoft Visual Studio Solution File, Format Version 12.00
# Visual Studio 15
VisualStudioVersion = 15.0.28307.489
MinimumVisualStudioVersion = 10.0.40219.1
Project("{FAE04EC0-301F-11D3-BF4B-00C04F79EFBC}") = "BookStoreEntity", "BookStoreEntity\BookStoreEntity.csproj", "{FA98A24A-C355-4587-9D26-0FA6F116A7A2}"
EndProject
Project("{FAE04EC0-301F-11D3-BF4B-00C04F79EFBC}") = "DatabaseLayer", "DatabaseLayer\DatabaseLayer.csproj", "{0D1DCF5C-1A8E-4DAE-B233-9167F45DEA3B}"
EndProject
Project("{FAE04EC0-301F-11D3-BF4B-00C04F79EFBC}") = "Presentation", "Presentation\Presentation.csproj", "{B7359551-3788-4FC1-A6C3-1BBD4E14C516}"
EndProject
Project("{FAE04EC0-301F-11D3-BF4B-00C04F79EFBC}") = "BusinessData", "BusinessData\BusinessData.csproj", "{272CE3C9-FD27-471E-838A-E86A91294E86}"
EndProject
Global
	GlobalSection(SolutionConfigurationPlatforms) = preSolution
		Debug|Any CPU = Debug|Any CPU
		Release|Any CPU = Release|Any CPU
	EndGlobalSection
	GlobalSection(ProjectConfigurationPlatforms) = postSolution
		{FA98A24A-C355-4587-9D26-0FA6F116A7A2}.Debug|Any CPU.ActiveCfg = Debug|Any CPU
		{FA98A24A-C355-4587-9D26-0FA6F116A7A2}.Debug|Any CPU.Build.0 = Debug|Any CPU
		{FA98A24A-C355-4587-9D26-0FA6F116A7A2}.Release|Any CPU.ActiveCfg = Release|Any CPU
		{FA98A24A-C355-4587-9D26-0FA6F116A7A2}.Release|Any CPU.Build.0 = Release|Any CPU
		{0D1DCF5C-1A8E-4DAE-B233-9167F45DEA3B}.Debug|Any CPU.ActiveCfg = Debug|Any CPU
		{0D1DCF5C-1A8E-4DAE-B233-9167F45DEA3B}.Debug|Any CPU.Build.0 = Debug|Any CPU
		{0D1DCF5C-1A8E-4DAE-B233-9167F45DEA3B}.Release|Any CPU.ActiveCfg = Release|Any CPU
		{0D1DCF5C-1A8E-4DAE-B233-9167F45DEA3B}.Release|Any CPU.Build.0 = Release|Any CPU
		{B7359551-3788-4FC1-A6C3-1BBD4E14C516}.Debug|Any CPU.ActiveCfg = Debug|Any CPU
		{B7359551-3788-4FC1-A6C3-1BBD4E14C516}.Debug|Any CPU.Build.0 = Debug|Any CPU
		{B7359551-3788-4FC1-A6C3-1BBD4E14C516}.Release|Any CPU.ActiveCfg = Release|Any CPU
		{B7359551-3788-4FC1-A6C3-1BBD4E14C516}.Release|Any CPU.Build.0 = Release|Any CPU
		{272CE3C9-FD27-471E-838A-E86A91294E86}.Debug|Any CPU.ActiveCfg = Debug|Any CPU
		{272CE3C9-FD27-471E-838A-E86A91294E86}.Debug|Any CPU.Build.0 = Debug|Any CPU
		{272CE3C9-FD27-471E-838A-E86A91294E86}.Release|Any CPU.ActiveCfg = Release|Any CPU
		{272CE3C9-FD27-471E-838A-E86A91294E86}.Release|Any CPU.Build.0 = Release|Any CPU
	EndGlobalSection
	GlobalSection(SolutionProperties) = preSolution
		HideSolutionNode = FALSE
	EndGlobalSection
	GlobalSection(ExtensibilityGlobals) = postSolution
		SolutionGuid = {7FC87ECF-A92F-4CF6-AED8-CF7128E628AA}
	EndGlobalSection
EndGlobal
